
Microsoft Visual Studio Solution File, Format Version 12.00
# Visual Studio 2013
VisualStudioVersion = 12.0.30723.0
MinimumVisualStudioVersion = 10.0.40219.1
Project("{FAE04EC0-301F-11D3-BF4B-00C04F79EFBC}") = "01. LeapYear", "01. LeapYear\01. LeapYear.csproj", "{90ECD6B2-C7D8-4F80-AC52-E771062CCA4D}"
EndProject
Project("{FAE04EC0-301F-11D3-BF4B-00C04F79EFBC}") = "02. RandomNumbers", "02. RandomNumbers\02. RandomNumbers.csproj", "{A2F7EC8D-DF33-4497-A45B-B70F73945967}"
EndProject
Project("{FAE04EC0-301F-11D3-BF4B-00C04F79EFBC}") = "03. DayOfWeek", "03. DayOfWeek\03. DayOfWeek.csproj", "{911578C8-0F23-422D-B027-B57C1B9B777F}"
EndProject
Project("{FAE04EC0-301F-11D3-BF4B-00C04F79EFBC}") = "04. TriangleSurface", "04. TriangleSurface\04. TriangleSurface.csproj", "{FE0407D6-71B9-4546-80BD-7539B45F6E03}"
EndProject
Project("{FAE04EC0-301F-11D3-BF4B-00C04F79EFBC}") = "05. Workdays", "05. Workdays\05. Workdays.csproj", "{A624FB5A-CDDE-4689-A140-1EC5ECB8472D}"
EndProject
Project("{FAE04EC0-301F-11D3-BF4B-00C04F79EFBC}") = "06. SumIntegers", "06. SumIntegers\06. SumIntegers.csproj", "{FE4C7259-3172-4FE1-A01B-A7155E964AF7}"
EndProject
Global
	GlobalSection(SolutionConfigurationPlatforms) = preSolution
		Debug|Any CPU = Debug|Any CPU
		Release|Any CPU = Release|Any CPU
	EndGlobalSection
	GlobalSection(ProjectConfigurationPlatforms) = postSolution
		{90ECD6B2-C7D8-4F80-AC52-E771062CCA4D}.Debug|Any CPU.ActiveCfg = Debug|Any CPU
		{90ECD6B2-C7D8-4F80-AC52-E771062CCA4D}.Debug|Any CPU.Build.0 = Debug|Any CPU
		{90ECD6B2-C7D8-4F80-AC52-E771062CCA4D}.Release|Any CPU.ActiveCfg = Release|Any CPU
		{90ECD6B2-C7D8-4F80-AC52-E771062CCA4D}.Release|Any CPU.Build.0 = Release|Any CPU
		{A2F7EC8D-DF33-4497-A45B-B70F73945967}.Debug|Any CPU.ActiveCfg = Debug|Any CPU
		{A2F7EC8D-DF33-4497-A45B-B70F73945967}.Debug|Any CPU.Build.0 = Debug|Any CPU
		{A2F7EC8D-DF33-4497-A45B-B70F73945967}.Release|Any CPU.ActiveCfg = Release|Any CPU
		{A2F7EC8D-DF33-4497-A45B-B70F73945967}.Release|Any CPU.Build.0 = Release|Any CPU
		{911578C8-0F23-422D-B027-B57C1B9B777F}.Debug|Any CPU.ActiveCfg = Debug|Any CPU
		{911578C8-0F23-422D-B027-B57C1B9B777F}.Debug|Any CPU.Build.0 = Debug|Any CPU
		{911578C8-0F23-422D-B027-B57C1B9B777F}.Release|Any CPU.ActiveCfg = Release|Any CPU
		{911578C8-0F23-422D-B027-B57C1B9B777F}.Release|Any CPU.Build.0 = Release|Any CPU
		{FE0407D6-71B9-4546-80BD-7539B45F6E03}.Debug|Any CPU.ActiveCfg = Debug|Any CPU
		{FE0407D6-71B9-4546-80BD-7539B45F6E03}.Debug|Any CPU.Build.0 = Debug|Any CPU
		{FE0407D6-71B9-4546-80BD-7539B45F6E03}.Release|Any CPU.ActiveCfg = Release|Any CPU
		{FE0407D6-71B9-4546-80BD-7539B45F6E03}.Release|Any CPU.Build.0 = Release|Any CPU
		{A624FB5A-CDDE-4689-A140-1EC5ECB8472D}.Debug|Any CPU.ActiveCfg = Debug|Any CPU
		{A624FB5A-CDDE-4689-A140-1EC5ECB8472D}.Debug|Any CPU.Build.0 = Debug|Any CPU
		{A624FB5A-CDDE-4689-A140-1EC5ECB8472D}.Release|Any CPU.ActiveCfg = Release|Any CPU
		{A624FB5A-CDDE-4689-A140-1EC5ECB8472D}.Release|Any CPU.Build.0 = Release|Any CPU
		{FE4C7259-3172-4FE1-A01B-A7155E964AF7}.Debug|Any CPU.ActiveCfg = Debug|Any CPU
		{FE4C7259-3172-4FE1-A01B-A7155E964AF7}.Debug|Any CPU.Build.0 = Debug|Any CPU
		{FE4C7259-3172-4FE1-A01B-A7155E964AF7}.Release|Any CPU.ActiveCfg = Release|Any CPU
		{FE4C7259-3172-4FE1-A01B-A7155E964AF7}.Release|Any CPU.Build.0 = Release|Any CPU
	EndGlobalSection
	GlobalSection(SolutionProperties) = preSolution
		HideSolutionNode = FALSE
	EndGlobalSection
EndGlobal
